
Microsoft Visual Studio Solution File, Format Version 12.00
# Visual Studio 15
VisualStudioVersion = 15.0.28307.329
MinimumVisualStudioVersion = 10.0.40219.1
Project("{159641D6-6404-4A2A-AE62-294DE0FE8301}") = "CensusIntegration", "CensusIntegration\CensusIntegration.dtproj", "{21DBD8AB-4B26-45C4-90FA-F2BC52523AC8}"
EndProject
Project("{159641D6-6404-4A2A-AE62-294DE0FE8301}") = "FileIntegration", "FileIntegration\FileIntegration.dtproj", "{DFA4F2EF-A914-4A83-8070-ED7C7541B863}"
EndProject
Project("{159641D6-6404-4A2A-AE62-294DE0FE8301}") = "DataTransform", "DataTransform\DataTransform.dtproj", "{9DC9F640-16CE-4042-B660-5F30A98F2221}"
EndProject
Project("{2150E333-8FDC-42A3-9474-1A3956D46DE8}") = "Scripts", "Scripts", "{E2850891-B583-4679-A549-56F21AC70A52}"
	ProjectSection(SolutionItems) = preProject
		dbo.uspCleanCensusTables.sql = dbo.uspCleanCensusTables.sql
	EndProjectSection
EndProject
Global
	GlobalSection(SolutionConfigurationPlatforms) = preSolution
		Debug|Any CPU = Debug|Any CPU
		Development|Any CPU = Development|Any CPU
		Release|Any CPU = Release|Any CPU
	EndGlobalSection
	GlobalSection(ProjectConfigurationPlatforms) = postSolution
		{21DBD8AB-4B26-45C4-90FA-F2BC52523AC8}.Debug|Any CPU.ActiveCfg = Development
		{21DBD8AB-4B26-45C4-90FA-F2BC52523AC8}.Debug|Any CPU.Build.0 = Development
		{21DBD8AB-4B26-45C4-90FA-F2BC52523AC8}.Development|Any CPU.ActiveCfg = Development
		{21DBD8AB-4B26-45C4-90FA-F2BC52523AC8}.Development|Any CPU.Build.0 = Development
		{21DBD8AB-4B26-45C4-90FA-F2BC52523AC8}.Release|Any CPU.ActiveCfg = Development
		{21DBD8AB-4B26-45C4-90FA-F2BC52523AC8}.Release|Any CPU.Build.0 = Development
		{DFA4F2EF-A914-4A83-8070-ED7C7541B863}.Debug|Any CPU.ActiveCfg = Development
		{DFA4F2EF-A914-4A83-8070-ED7C7541B863}.Debug|Any CPU.Build.0 = Development
		{DFA4F2EF-A914-4A83-8070-ED7C7541B863}.Development|Any CPU.ActiveCfg = Development
		{DFA4F2EF-A914-4A83-8070-ED7C7541B863}.Development|Any CPU.Build.0 = Development
		{DFA4F2EF-A914-4A83-8070-ED7C7541B863}.Release|Any CPU.ActiveCfg = Development
		{DFA4F2EF-A914-4A83-8070-ED7C7541B863}.Release|Any CPU.Build.0 = Development
		{9DC9F640-16CE-4042-B660-5F30A98F2221}.Debug|Any CPU.ActiveCfg = Development
		{9DC9F640-16CE-4042-B660-5F30A98F2221}.Debug|Any CPU.Build.0 = Development
		{9DC9F640-16CE-4042-B660-5F30A98F2221}.Development|Any CPU.ActiveCfg = Development
		{9DC9F640-16CE-4042-B660-5F30A98F2221}.Development|Any CPU.Build.0 = Development
		{9DC9F640-16CE-4042-B660-5F30A98F2221}.Release|Any CPU.ActiveCfg = Development
		{9DC9F640-16CE-4042-B660-5F30A98F2221}.Release|Any CPU.Build.0 = Development
	EndGlobalSection
	GlobalSection(SolutionProperties) = preSolution
		HideSolutionNode = FALSE
	EndGlobalSection
	GlobalSection(ExtensibilityGlobals) = postSolution
		SolutionGuid = {5E5FA387-38E2-4C1D-B05A-86276DA22601}
	EndGlobalSection
EndGlobal
